
Microsoft Visual Studio Solution File, Format Version 12.00
# Visual Studio Version 17
VisualStudioVersion = 17.0.31903.59
MinimumVisualStudioVersion = 10.0.40219.1
Project("{2150E333-8FDC-42A3-9474-1A3956D46DE8}") = "src", "src", "{E9B464E1-C8B7-4FA8-AF7B-8B633B2FF39E}"
EndProject
Project("{FAE04EC0-301F-11D3-BF4B-00C04F79EFBC}") = "BettererNet.Core", "src\BettererNet.Core\BettererNet.Core.csproj", "{5AA5C31D-EBDF-4815-BDA5-49F5849C70F0}"
EndProject
Project("{FAE04EC0-301F-11D3-BF4B-00C04F79EFBC}") = "BettererNet.Xunit", "src\BettererNet.Xunit\BettererNet.Xunit.csproj", "{F88BC925-819D-4AB1-8282-A50ECB4CF018}"
EndProject
Project("{FAE04EC0-301F-11D3-BF4B-00C04F79EFBC}") = "BettererNet.Cli", "src\BettererNet.Cli\BettererNet.Cli.csproj", "{FA6C38F4-6B2B-473E-B7FA-FD2E29F917D0}"
EndProject
Project("{2150E333-8FDC-42A3-9474-1A3956D46DE8}") = "samples", "samples", "{F8C89F75-EEB0-45AF-ADE5-A858F1FD7450}"
EndProject
Project("{FAE04EC0-301F-11D3-BF4B-00C04F79EFBC}") = "SampleProject", "samples\SampleProject\SampleProject.csproj", "{260A9777-6ABC-4B97-AEF6-6B949C9B3425}"
EndProject
Project("{FAE04EC0-301F-11D3-BF4B-00C04F79EFBC}") = "SampleTest", "samples\SampleTest\SampleTest.csproj", "{93B9D65E-AE89-4BD8-97FD-1B90ABCCD643}"
EndProject
Project("{2150E333-8FDC-42A3-9474-1A3956D46DE8}") = "tools", "tools", "{A06CB403-0937-4F9B-A1CA-ECFF5B9F824B}"
EndProject
Project("{FAE04EC0-301F-11D3-BF4B-00C04F79EFBC}") = "InspectCodeSnapshot", "tools\InspectCodeSnapshot\InspectCodeSnapshot.csproj", "{357551E2-F36E-48DC-94AF-CC2EE22AE9B6}"
EndProject
Project("{2150E333-8FDC-42A3-9474-1A3956D46DE8}") = "tests", "tests", "{FA010072-2251-4256-A9A0-1ED377B0B3FA}"
EndProject
Project("{FAE04EC0-301F-11D3-BF4B-00C04F79EFBC}") = "BettererNet.Tests", "tests\BettererNet.Tests\BettererNet.Tests.csproj", "{E89802E3-140E-4E66-AED9-3867F92E6B8B}"
EndProject
Project("{FAE04EC0-301F-11D3-BF4B-00C04F79EFBC}") = "BettererNet.Regex", "src\BettererNet.Regex\BettererNet.Regex.csproj", "{E8E00C5A-A868-470A-9B93-F3D7CB66ED91}"
EndProject
Project("{FAE04EC0-301F-11D3-BF4B-00C04F79EFBC}") = "BettererNet.Roslyn", "src\BettererNet.Roslyn\BettererNet.Roslyn.csproj", "{B437D89D-EBD6-4740-96A8-2A51D6FD16C8}"
EndProject
Project("{FAE04EC0-301F-11D3-BF4B-00C04F79EFBC}") = "BettererNet.Coverage", "src\BettererNet.Coverage\BettererNet.Coverage.csproj", "{A8166C0A-4035-47F5-9A88-B6C1760D2392}"
EndProject
Project("{FAE04EC0-301F-11D3-BF4B-00C04F79EFBC}") = "BettererNet.NetArchTest", "src\BettererNet.NetArchTest\BettererNet.NetArchTest.csproj", "{8C0DD3FD-2393-4806-A2C7-018B2B6AB1FD}"
EndProject
Project("{FAE04EC0-301F-11D3-BF4B-00C04F79EFBC}") = "BettererNet.Sarif", "src\BettererNet.Sarif\BettererNet.Sarif.csproj", "{387E6F5F-936E-4E3A-A58E-AED3F3F2A88B}"
EndProject
Project("{FAE04EC0-301F-11D3-BF4B-00C04F79EFBC}") = "BettererNet.NUnit", "src\BettererNet.NUnit\BettererNet.NUnit.csproj", "{B393D518-5E78-424A-827E-46E7AE0D32ED}"
EndProject
Project("{FAE04EC0-301F-11D3-BF4B-00C04F79EFBC}") = "BettererNet.NUnit.Tests", "tests\BettererNet.NUnit.Tests\BettererNet.NUnit.Tests.csproj", "{4DA35A6D-C762-433E-9BD6-6E6D1ED0D4A6}"
EndProject
Project("{FAE04EC0-301F-11D3-BF4B-00C04F79EFBC}") = "BettererNet.Roslyn.MSBuild", "src\BettererNet.Roslyn.MSBuild\BettererNet.Roslyn.MSBuild.csproj", "{47C15203-EB28-44A7-A236-0AA6427FDE2A}"
EndProject
Project("{FAE04EC0-301F-11D3-BF4B-00C04F79EFBC}") = "BettererNet.Roslyn.MSBuild.Tests", "tests\BettererNet.Roslyn.MSBuild.Tests\BettererNet.Roslyn.MSBuild.Tests.csproj", "{11CD7840-2013-4DE6-B1CF-2B598935606B}"
EndProject
Project("{FAE04EC0-301F-11D3-BF4B-00C04F79EFBC}") = "BettererNet.MSTest", "src\BettererNet.MSTest\BettererNet.MSTest.csproj", "{AFFDF952-2829-458F-B7F6-B8630D2FF6EA}"
EndProject
Project("{FAE04EC0-301F-11D3-BF4B-00C04F79EFBC}") = "BettererNet.MSTest.Tests", "tests\BettererNet.MSTest.Tests\BettererNet.MSTest.Tests.csproj", "{692C2632-4AD9-4982-8319-FBDE87EA877B}"
EndProject
Project("{FAE04EC0-301F-11D3-BF4B-00C04F79EFBC}") = "BettererNet.Format", "src\BettererNet.Format\BettererNet.Format.csproj", "{B88F5652-9A13-411B-B551-3ECA8DC1C4FA}"
EndProject
Global
	GlobalSection(SolutionConfigurationPlatforms) = preSolution
		Debug|Any CPU = Debug|Any CPU
		Debug|x64 = Debug|x64
		Debug|x86 = Debug|x86
		Release|Any CPU = Release|Any CPU
		Release|x64 = Release|x64
		Release|x86 = Release|x86
	EndGlobalSection
	GlobalSection(ProjectConfigurationPlatforms) = postSolution
		{5AA5C31D-EBDF-4815-BDA5-49F5849C70F0}.Debug|Any CPU.ActiveCfg = Debug|Any CPU
		{5AA5C31D-EBDF-4815-BDA5-49F5849C70F0}.Debug|Any CPU.Build.0 = Debug|Any CPU
		{5AA5C31D-EBDF-4815-BDA5-49F5849C70F0}.Debug|x64.ActiveCfg = Debug|Any CPU
		{5AA5C31D-EBDF-4815-BDA5-49F5849C70F0}.Debug|x64.Build.0 = Debug|Any CPU
		{5AA5C31D-EBDF-4815-BDA5-49F5849C70F0}.Debug|x86.ActiveCfg = Debug|Any CPU
		{5AA5C31D-EBDF-4815-BDA5-49F5849C70F0}.Debug|x86.Build.0 = Debug|Any CPU
		{5AA5C31D-EBDF-4815-BDA5-49F5849C70F0}.Release|Any CPU.ActiveCfg = Release|Any CPU
		{5AA5C31D-EBDF-4815-BDA5-49F5849C70F0}.Release|Any CPU.Build.0 = Release|Any CPU
		{5AA5C31D-EBDF-4815-BDA5-49F5849C70F0}.Release|x64.ActiveCfg = Release|Any CPU
		{5AA5C31D-EBDF-4815-BDA5-49F5849C70F0}.Release|x64.Build.0 = Release|Any CPU
		{5AA5C31D-EBDF-4815-BDA5-49F5849C70F0}.Release|x86.ActiveCfg = Release|Any CPU
		{5AA5C31D-EBDF-4815-BDA5-49F5849C70F0}.Release|x86.Build.0 = Release|Any CPU
		{F88BC925-819D-4AB1-8282-A50ECB4CF018}.Debug|Any CPU.ActiveCfg = Debug|Any CPU
		{F88BC925-819D-4AB1-8282-A50ECB4CF018}.Debug|Any CPU.Build.0 = Debug|Any CPU
		{F88BC925-819D-4AB1-8282-A50ECB4CF018}.Debug|x64.ActiveCfg = Debug|Any CPU
		{F88BC925-819D-4AB1-8282-A50ECB4CF018}.Debug|x64.Build.0 = Debug|Any CPU
		{F88BC925-819D-4AB1-8282-A50ECB4CF018}.Debug|x86.ActiveCfg = Debug|Any CPU
		{F88BC925-819D-4AB1-8282-A50ECB4CF018}.Debug|x86.Build.0 = Debug|Any CPU
		{F88BC925-819D-4AB1-8282-A50ECB4CF018}.Release|Any CPU.ActiveCfg = Release|Any CPU
		{F88BC925-819D-4AB1-8282-A50ECB4CF018}.Release|Any CPU.Build.0 = Release|Any CPU
		{F88BC925-819D-4AB1-8282-A50ECB4CF018}.Release|x64.ActiveCfg = Release|Any CPU
		{F88BC925-819D-4AB1-8282-A50ECB4CF018}.Release|x64.Build.0 = Release|Any CPU
		{F88BC925-819D-4AB1-8282-A50ECB4CF018}.Release|x86.ActiveCfg = Release|Any CPU
		{F88BC925-819D-4AB1-8282-A50ECB4CF018}.Release|x86.Build.0 = Release|Any CPU
		{FA6C38F4-6B2B-473E-B7FA-FD2E29F917D0}.Debug|Any CPU.ActiveCfg = Debug|Any CPU
		{FA6C38F4-6B2B-473E-B7FA-FD2E29F917D0}.Debug|Any CPU.Build.0 = Debug|Any CPU
		{FA6C38F4-6B2B-473E-B7FA-FD2E29F917D0}.Debug|x64.ActiveCfg = Debug|Any CPU
		{FA6C38F4-6B2B-473E-B7FA-FD2E29F917D0}.Debug|x64.Build.0 = Debug|Any CPU
		{FA6C38F4-6B2B-473E-B7FA-FD2E29F917D0}.Debug|x86.ActiveCfg = Debug|Any CPU
		{FA6C38F4-6B2B-473E-B7FA-FD2E29F917D0}.Debug|x86.Build.0 = Debug|Any CPU
		{FA6C38F4-6B2B-473E-B7FA-FD2E29F917D0}.Release|Any CPU.ActiveCfg = Release|Any CPU
		{FA6C38F4-6B2B-473E-B7FA-FD2E29F917D0}.Release|Any CPU.Build.0 = Release|Any CPU
		{FA6C38F4-6B2B-473E-B7FA-FD2E29F917D0}.Release|x64.ActiveCfg = Release|Any CPU
		{FA6C38F4-6B2B-473E-B7FA-FD2E29F917D0}.Release|x64.Build.0 = Release|Any CPU
		{FA6C38F4-6B2B-473E-B7FA-FD2E29F917D0}.Release|x86.ActiveCfg = Release|Any CPU
		{FA6C38F4-6B2B-473E-B7FA-FD2E29F917D0}.Release|x86.Build.0 = Release|Any CPU
		{260A9777-6ABC-4B97-AEF6-6B949C9B3425}.Debug|Any CPU.ActiveCfg = Debug|Any CPU
		{260A9777-6ABC-4B97-AEF6-6B949C9B3425}.Debug|Any CPU.Build.0 = Debug|Any CPU
		{260A9777-6ABC-4B97-AEF6-6B949C9B3425}.Debug|x64.ActiveCfg = Debug|Any CPU
		{260A9777-6ABC-4B97-AEF6-6B949C9B3425}.Debug|x64.Build.0 = Debug|Any CPU
		{260A9777-6ABC-4B97-AEF6-6B949C9B3425}.Debug|x86.ActiveCfg = Debug|Any CPU
		{260A9777-6ABC-4B97-AEF6-6B949C9B3425}.Debug|x86.Build.0 = Debug|Any CPU
		{260A9777-6ABC-4B97-AEF6-6B949C9B3425}.Release|Any CPU.ActiveCfg = Release|Any CPU
		{260A9777-6ABC-4B97-AEF6-6B949C9B3425}.Release|Any CPU.Build.0 = Release|Any CPU
		{260A9777-6ABC-4B97-AEF6-6B949C9B3425}.Release|x64.ActiveCfg = Release|Any CPU
		{260A9777-6ABC-4B97-AEF6-6B949C9B3425}.Release|x64.Build.0 = Release|Any CPU
		{260A9777-6ABC-4B97-AEF6-6B949C9B3425}.Release|x86.ActiveCfg = Release|Any CPU
		{260A9777-6ABC-4B97-AEF6-6B949C9B3425}.Release|x86.Build.0 = Release|Any CPU
		{93B9D65E-AE89-4BD8-97FD-1B90ABCCD643}.Debug|Any CPU.ActiveCfg = Debug|Any CPU
		{93B9D65E-AE89-4BD8-97FD-1B90ABCCD643}.Debug|Any CPU.Build.0 = Debug|Any CPU
		{93B9D65E-AE89-4BD8-97FD-1B90ABCCD643}.Debug|x64.ActiveCfg = Debug|Any CPU
		{93B9D65E-AE89-4BD8-97FD-1B90ABCCD643}.Debug|x64.Build.0 = Debug|Any CPU
		{93B9D65E-AE89-4BD8-97FD-1B90ABCCD643}.Debug|x86.ActiveCfg = Debug|Any CPU
		{93B9D65E-AE89-4BD8-97FD-1B90ABCCD643}.Debug|x86.Build.0 = Debug|Any CPU
		{93B9D65E-AE89-4BD8-97FD-1B90ABCCD643}.Release|Any CPU.ActiveCfg = Release|Any CPU
		{93B9D65E-AE89-4BD8-97FD-1B90ABCCD643}.Release|Any CPU.Build.0 = Release|Any CPU
		{93B9D65E-AE89-4BD8-97FD-1B90ABCCD643}.Release|x64.ActiveCfg = Release|Any CPU
		{93B9D65E-AE89-4BD8-97FD-1B90ABCCD643}.Release|x64.Build.0 = Release|Any CPU
		{93B9D65E-AE89-4BD8-97FD-1B90ABCCD643}.Release|x86.ActiveCfg = Release|Any CPU
		{93B9D65E-AE89-4BD8-97FD-1B90ABCCD643}.Release|x86.Build.0 = Release|Any CPU
		{357551E2-F36E-48DC-94AF-CC2EE22AE9B6}.Debug|Any CPU.ActiveCfg = Debug|Any CPU
		{357551E2-F36E-48DC-94AF-CC2EE22AE9B6}.Debug|Any CPU.Build.0 = Debug|Any CPU
		{357551E2-F36E-48DC-94AF-CC2EE22AE9B6}.Debug|x64.ActiveCfg = Debug|Any CPU
		{357551E2-F36E-48DC-94AF-CC2EE22AE9B6}.Debug|x64.Build.0 = Debug|Any CPU
		{357551E2-F36E-48DC-94AF-CC2EE22AE9B6}.Debug|x86.ActiveCfg = Debug|Any CPU
		{357551E2-F36E-48DC-94AF-CC2EE22AE9B6}.Debug|x86.Build.0 = Debug|Any CPU
		{357551E2-F36E-48DC-94AF-CC2EE22AE9B6}.Release|Any CPU.ActiveCfg = Release|Any CPU
		{357551E2-F36E-48DC-94AF-CC2EE22AE9B6}.Release|Any CPU.Build.0 = Release|Any CPU
		{357551E2-F36E-48DC-94AF-CC2EE22AE9B6}.Release|x64.ActiveCfg = Release|Any CPU
		{357551E2-F36E-48DC-94AF-CC2EE22AE9B6}.Release|x64.Build.0 = Release|Any CPU
		{357551E2-F36E-48DC-94AF-CC2EE22AE9B6}.Release|x86.ActiveCfg = Release|Any CPU
		{357551E2-F36E-48DC-94AF-CC2EE22AE9B6}.Release|x86.Build.0 = Release|Any CPU
		{E89802E3-140E-4E66-AED9-3867F92E6B8B}.Debug|Any CPU.ActiveCfg = Debug|Any CPU
		{E89802E3-140E-4E66-AED9-3867F92E6B8B}.Debug|Any CPU.Build.0 = Debug|Any CPU
		{E89802E3-140E-4E66-AED9-3867F92E6B8B}.Debug|x64.ActiveCfg = Debug|Any CPU
		{E89802E3-140E-4E66-AED9-3867F92E6B8B}.Debug|x64.Build.0 = Debug|Any CPU
		{E89802E3-140E-4E66-AED9-3867F92E6B8B}.Debug|x86.ActiveCfg = Debug|Any CPU
		{E89802E3-140E-4E66-AED9-3867F92E6B8B}.Debug|x86.Build.0 = Debug|Any CPU
		{E89802E3-140E-4E66-AED9-3867F92E6B8B}.Release|Any CPU.ActiveCfg = Release|Any CPU
		{E89802E3-140E-4E66-AED9-3867F92E6B8B}.Release|Any CPU.Build.0 = Release|Any CPU
		{E89802E3-140E-4E66-AED9-3867F92E6B8B}.Release|x64.ActiveCfg = Release|Any CPU
		{E89802E3-140E-4E66-AED9-3867F92E6B8B}.Release|x64.Build.0 = Release|Any CPU
		{E89802E3-140E-4E66-AED9-3867F92E6B8B}.Release|x86.ActiveCfg = Release|Any CPU
		{E89802E3-140E-4E66-AED9-3867F92E6B8B}.Release|x86.Build.0 = Release|Any CPU
		{E8E00C5A-A868-470A-9B93-F3D7CB66ED91}.Debug|Any CPU.ActiveCfg = Debug|Any CPU
		{E8E00C5A-A868-470A-9B93-F3D7CB66ED91}.Debug|Any CPU.Build.0 = Debug|Any CPU
		{E8E00C5A-A868-470A-9B93-F3D7CB66ED91}.Debug|x64.ActiveCfg = Debug|Any CPU
		{E8E00C5A-A868-470A-9B93-F3D7CB66ED91}.Debug|x64.Build.0 = Debug|Any CPU
		{E8E00C5A-A868-470A-9B93-F3D7CB66ED91}.Debug|x86.ActiveCfg = Debug|Any CPU
		{E8E00C5A-A868-470A-9B93-F3D7CB66ED91}.Debug|x86.Build.0 = Debug|Any CPU
		{E8E00C5A-A868-470A-9B93-F3D7CB66ED91}.Release|Any CPU.ActiveCfg = Release|Any CPU
		{E8E00C5A-A868-470A-9B93-F3D7CB66ED91}.Release|Any CPU.Build.0 = Release|Any CPU
		{E8E00C5A-A868-470A-9B93-F3D7CB66ED91}.Release|x64.ActiveCfg = Release|Any CPU
		{E8E00C5A-A868-470A-9B93-F3D7CB66ED91}.Release|x64.Build.0 = Release|Any CPU
		{E8E00C5A-A868-470A-9B93-F3D7CB66ED91}.Release|x86.ActiveCfg = Release|Any CPU
		{E8E00C5A-A868-470A-9B93-F3D7CB66ED91}.Release|x86.Build.0 = Release|Any CPU
		{B437D89D-EBD6-4740-96A8-2A51D6FD16C8}.Debug|Any CPU.ActiveCfg = Debug|Any CPU
		{B437D89D-EBD6-4740-96A8-2A51D6FD16C8}.Debug|Any CPU.Build.0 = Debug|Any CPU
		{B437D89D-EBD6-4740-96A8-2A51D6FD16C8}.Debug|x64.ActiveCfg = Debug|Any CPU
		{B437D89D-EBD6-4740-96A8-2A51D6FD16C8}.Debug|x64.Build.0 = Debug|Any CPU
		{B437D89D-EBD6-4740-96A8-2A51D6FD16C8}.Debug|x86.ActiveCfg = Debug|Any CPU
		{B437D89D-EBD6-4740-96A8-2A51D6FD16C8}.Debug|x86.Build.0 = Debug|Any CPU
		{B437D89D-EBD6-4740-96A8-2A51D6FD16C8}.Release|Any CPU.ActiveCfg = Release|Any CPU
		{B437D89D-EBD6-4740-96A8-2A51D6FD16C8}.Release|Any CPU.Build.0 = Release|Any CPU
		{B437D89D-EBD6-4740-96A8-2A51D6FD16C8}.Release|x64.ActiveCfg = Release|Any CPU
		{B437D89D-EBD6-4740-96A8-2A51D6FD16C8}.Release|x64.Build.0 = Release|Any CPU
		{B437D89D-EBD6-4740-96A8-2A51D6FD16C8}.Release|x86.ActiveCfg = Release|Any CPU
		{B437D89D-EBD6-4740-96A8-2A51D6FD16C8}.Release|x86.Build.0 = Release|Any CPU
		{A8166C0A-4035-47F5-9A88-B6C1760D2392}.Debug|Any CPU.ActiveCfg = Debug|Any CPU
		{A8166C0A-4035-47F5-9A88-B6C1760D2392}.Debug|Any CPU.Build.0 = Debug|Any CPU
		{A8166C0A-4035-47F5-9A88-B6C1760D2392}.Debug|x64.ActiveCfg = Debug|Any CPU
		{A8166C0A-4035-47F5-9A88-B6C1760D2392}.Debug|x64.Build.0 = Debug|Any CPU
		{A8166C0A-4035-47F5-9A88-B6C1760D2392}.Debug|x86.ActiveCfg = Debug|Any CPU
		{A8166C0A-4035-47F5-9A88-B6C1760D2392}.Debug|x86.Build.0 = Debug|Any CPU
		{A8166C0A-4035-47F5-9A88-B6C1760D2392}.Release|Any CPU.ActiveCfg = Release|Any CPU
		{A8166C0A-4035-47F5-9A88-B6C1760D2392}.Release|Any CPU.Build.0 = Release|Any CPU
		{A8166C0A-4035-47F5-9A88-B6C1760D2392}.Release|x64.ActiveCfg = Release|Any CPU
		{A8166C0A-4035-47F5-9A88-B6C1760D2392}.Release|x64.Build.0 = Release|Any CPU
		{A8166C0A-4035-47F5-9A88-B6C1760D2392}.Release|x86.ActiveCfg = Release|Any CPU
		{A8166C0A-4035-47F5-9A88-B6C1760D2392}.Release|x86.Build.0 = Release|Any CPU
		{8C0DD3FD-2393-4806-A2C7-018B2B6AB1FD}.Debug|Any CPU.ActiveCfg = Debug|Any CPU
		{8C0DD3FD-2393-4806-A2C7-018B2B6AB1FD}.Debug|Any CPU.Build.0 = Debug|Any CPU
		{8C0DD3FD-2393-4806-A2C7-018B2B6AB1FD}.Debug|x64.ActiveCfg = Debug|Any CPU
		{8C0DD3FD-2393-4806-A2C7-018B2B6AB1FD}.Debug|x64.Build.0 = Debug|Any CPU
		{8C0DD3FD-2393-4806-A2C7-018B2B6AB1FD}.Debug|x86.ActiveCfg = Debug|Any CPU
		{8C0DD3FD-2393-4806-A2C7-018B2B6AB1FD}.Debug|x86.Build.0 = Debug|Any CPU
		{8C0DD3FD-2393-4806-A2C7-018B2B6AB1FD}.Release|Any CPU.ActiveCfg = Release|Any CPU
		{8C0DD3FD-2393-4806-A2C7-018B2B6AB1FD}.Release|Any CPU.Build.0 = Release|Any CPU
		{8C0DD3FD-2393-4806-A2C7-018B2B6AB1FD}.Release|x64.ActiveCfg = Release|Any CPU
		{8C0DD3FD-2393-4806-A2C7-018B2B6AB1FD}.Release|x64.Build.0 = Release|Any CPU
		{8C0DD3FD-2393-4806-A2C7-018B2B6AB1FD}.Release|x86.ActiveCfg = Release|Any CPU
		{8C0DD3FD-2393-4806-A2C7-018B2B6AB1FD}.Release|x86.Build.0 = Release|Any CPU
		{387E6F5F-936E-4E3A-A58E-AED3F3F2A88B}.Debug|Any CPU.ActiveCfg = Debug|Any CPU
		{387E6F5F-936E-4E3A-A58E-AED3F3F2A88B}.Debug|Any CPU.Build.0 = Debug|Any CPU
		{387E6F5F-936E-4E3A-A58E-AED3F3F2A88B}.Debug|x64.ActiveCfg = Debug|Any CPU
		{387E6F5F-936E-4E3A-A58E-AED3F3F2A88B}.Debug|x64.Build.0 = Debug|Any CPU
		{387E6F5F-936E-4E3A-A58E-AED3F3F2A88B}.Debug|x86.ActiveCfg = Debug|Any CPU
		{387E6F5F-936E-4E3A-A58E-AED3F3F2A88B}.Debug|x86.Build.0 = Debug|Any CPU
		{387E6F5F-936E-4E3A-A58E-AED3F3F2A88B}.Release|Any CPU.ActiveCfg = Release|Any CPU
		{387E6F5F-936E-4E3A-A58E-AED3F3F2A88B}.Release|Any CPU.Build.0 = Release|Any CPU
		{387E6F5F-936E-4E3A-A58E-AED3F3F2A88B}.Release|x64.ActiveCfg = Release|Any CPU
		{387E6F5F-936E-4E3A-A58E-AED3F3F2A88B}.Release|x64.Build.0 = Release|Any CPU
		{387E6F5F-936E-4E3A-A58E-AED3F3F2A88B}.Release|x86.ActiveCfg = Release|Any CPU
		{387E6F5F-936E-4E3A-A58E-AED3F3F2A88B}.Release|x86.Build.0 = Release|Any CPU
		{B393D518-5E78-424A-827E-46E7AE0D32ED}.Debug|Any CPU.ActiveCfg = Debug|Any CPU
		{B393D518-5E78-424A-827E-46E7AE0D32ED}.Debug|Any CPU.Build.0 = Debug|Any CPU
		{B393D518-5E78-424A-827E-46E7AE0D32ED}.Debug|x64.ActiveCfg = Debug|Any CPU
		{B393D518-5E78-424A-827E-46E7AE0D32ED}.Debug|x64.Build.0 = Debug|Any CPU
		{B393D518-5E78-424A-827E-46E7AE0D32ED}.Debug|x86.ActiveCfg = Debug|Any CPU
		{B393D518-5E78-424A-827E-46E7AE0D32ED}.Debug|x86.Build.0 = Debug|Any CPU
		{B393D518-5E78-424A-827E-46E7AE0D32ED}.Release|Any CPU.ActiveCfg = Release|Any CPU
		{B393D518-5E78-424A-827E-46E7AE0D32ED}.Release|Any CPU.Build.0 = Release|Any CPU
		{B393D518-5E78-424A-827E-46E7AE0D32ED}.Release|x64.ActiveCfg = Release|Any CPU
		{B393D518-5E78-424A-827E-46E7AE0D32ED}.Release|x64.Build.0 = Release|Any CPU
		{B393D518-5E78-424A-827E-46E7AE0D32ED}.Release|x86.ActiveCfg = Release|Any CPU
		{B393D518-5E78-424A-827E-46E7AE0D32ED}.Release|x86.Build.0 = Release|Any CPU
		{4DA35A6D-C762-433E-9BD6-6E6D1ED0D4A6}.Debug|Any CPU.ActiveCfg = Debug|Any CPU
		{4DA35A6D-C762-433E-9BD6-6E6D1ED0D4A6}.Debug|Any CPU.Build.0 = Debug|Any CPU
		{4DA35A6D-C762-433E-9BD6-6E6D1ED0D4A6}.Debug|x64.ActiveCfg = Debug|Any CPU
		{4DA35A6D-C762-433E-9BD6-6E6D1ED0D4A6}.Debug|x64.Build.0 = Debug|Any CPU
		{4DA35A6D-C762-433E-9BD6-6E6D1ED0D4A6}.Debug|x86.ActiveCfg = Debug|Any CPU
		{4DA35A6D-C762-433E-9BD6-6E6D1ED0D4A6}.Debug|x86.Build.0 = Debug|Any CPU
		{4DA35A6D-C762-433E-9BD6-6E6D1ED0D4A6}.Release|Any CPU.ActiveCfg = Release|Any CPU
		{4DA35A6D-C762-433E-9BD6-6E6D1ED0D4A6}.Release|Any CPU.Build.0 = Release|Any CPU
		{4DA35A6D-C762-433E-9BD6-6E6D1ED0D4A6}.Release|x64.ActiveCfg = Release|Any CPU
		{4DA35A6D-C762-433E-9BD6-6E6D1ED0D4A6}.Release|x64.Build.0 = Release|Any CPU
		{4DA35A6D-C762-433E-9BD6-6E6D1ED0D4A6}.Release|x86.ActiveCfg = Release|Any CPU
		{4DA35A6D-C762-433E-9BD6-6E6D1ED0D4A6}.Release|x86.Build.0 = Release|Any CPU
		{47C15203-EB28-44A7-A236-0AA6427FDE2A}.Debug|Any CPU.ActiveCfg = Debug|Any CPU
		{47C15203-EB28-44A7-A236-0AA6427FDE2A}.Debug|Any CPU.Build.0 = Debug|Any CPU
		{47C15203-EB28-44A7-A236-0AA6427FDE2A}.Debug|x64.ActiveCfg = Debug|Any CPU
		{47C15203-EB28-44A7-A236-0AA6427FDE2A}.Debug|x64.Build.0 = Debug|Any CPU
		{47C15203-EB28-44A7-A236-0AA6427FDE2A}.Debug|x86.ActiveCfg = Debug|Any CPU
		{47C15203-EB28-44A7-A236-0AA6427FDE2A}.Debug|x86.Build.0 = Debug|Any CPU
		{47C15203-EB28-44A7-A236-0AA6427FDE2A}.Release|Any CPU.ActiveCfg = Release|Any CPU
		{47C15203-EB28-44A7-A236-0AA6427FDE2A}.Release|Any CPU.Build.0 = Release|Any CPU
		{47C15203-EB28-44A7-A236-0AA6427FDE2A}.Release|x64.ActiveCfg = Release|Any CPU
		{47C15203-EB28-44A7-A236-0AA6427FDE2A}.Release|x64.Build.0 = Release|Any CPU
		{47C15203-EB28-44A7-A236-0AA6427FDE2A}.Release|x86.ActiveCfg = Release|Any CPU
		{47C15203-EB28-44A7-A236-0AA6427FDE2A}.Release|x86.Build.0 = Release|Any CPU
		{11CD7840-2013-4DE6-B1CF-2B598935606B}.Debug|Any CPU.ActiveCfg = Debug|Any CPU
		{11CD7840-2013-4DE6-B1CF-2B598935606B}.Debug|Any CPU.Build.0 = Debug|Any CPU
		{11CD7840-2013-4DE6-B1CF-2B598935606B}.Debug|x64.ActiveCfg = Debug|Any CPU
		{11CD7840-2013-4DE6-B1CF-2B598935606B}.Debug|x64.Build.0 = Debug|Any CPU
		{11CD7840-2013-4DE6-B1CF-2B598935606B}.Debug|x86.ActiveCfg = Debug|Any CPU
		{11CD7840-2013-4DE6-B1CF-2B598935606B}.Debug|x86.Build.0 = Debug|Any CPU
		{11CD7840-2013-4DE6-B1CF-2B598935606B}.Release|Any CPU.ActiveCfg = Release|Any CPU
		{11CD7840-2013-4DE6-B1CF-2B598935606B}.Release|Any CPU.Build.0 = Release|Any CPU
		{11CD7840-2013-4DE6-B1CF-2B598935606B}.Release|x64.ActiveCfg = Release|Any CPU
		{11CD7840-2013-4DE6-B1CF-2B598935606B}.Release|x64.Build.0 = Release|Any CPU
		{11CD7840-2013-4DE6-B1CF-2B598935606B}.Release|x86.ActiveCfg = Release|Any CPU
		{11CD7840-2013-4DE6-B1CF-2B598935606B}.Release|x86.Build.0 = Release|Any CPU
		{AFFDF952-2829-458F-B7F6-B8630D2FF6EA}.Debug|Any CPU.ActiveCfg = Debug|Any CPU
		{AFFDF952-2829-458F-B7F6-B8630D2FF6EA}.Debug|Any CPU.Build.0 = Debug|Any CPU
		{AFFDF952-2829-458F-B7F6-B8630D2FF6EA}.Debug|x64.ActiveCfg = Debug|Any CPU
		{AFFDF952-2829-458F-B7F6-B8630D2FF6EA}.Debug|x64.Build.0 = Debug|Any CPU
		{AFFDF952-2829-458F-B7F6-B8630D2FF6EA}.Debug|x86.ActiveCfg = Debug|Any CPU
		{AFFDF952-2829-458F-B7F6-B8630D2FF6EA}.Debug|x86.Build.0 = Debug|Any CPU
		{AFFDF952-2829-458F-B7F6-B8630D2FF6EA}.Release|Any CPU.ActiveCfg = Release|Any CPU
		{AFFDF952-2829-458F-B7F6-B8630D2FF6EA}.Release|Any CPU.Build.0 = Release|Any CPU
		{AFFDF952-2829-458F-B7F6-B8630D2FF6EA}.Release|x64.ActiveCfg = Release|Any CPU
		{AFFDF952-2829-458F-B7F6-B8630D2FF6EA}.Release|x64.Build.0 = Release|Any CPU
		{AFFDF952-2829-458F-B7F6-B8630D2FF6EA}.Release|x86.ActiveCfg = Release|Any CPU
		{AFFDF952-2829-458F-B7F6-B8630D2FF6EA}.Release|x86.Build.0 = Release|Any CPU
		{692C2632-4AD9-4982-8319-FBDE87EA877B}.Debug|Any CPU.ActiveCfg = Debug|Any CPU
		{692C2632-4AD9-4982-8319-FBDE87EA877B}.Debug|Any CPU.Build.0 = Debug|Any CPU
		{692C2632-4AD9-4982-8319-FBDE87EA877B}.Debug|x64.ActiveCfg = Debug|Any CPU
		{692C2632-4AD9-4982-8319-FBDE87EA877B}.Debug|x64.Build.0 = Debug|Any CPU
		{692C2632-4AD9-4982-8319-FBDE87EA877B}.Debug|x86.ActiveCfg = Debug|Any CPU
		{692C2632-4AD9-4982-8319-FBDE87EA877B}.Debug|x86.Build.0 = Debug|Any CPU
		{692C2632-4AD9-4982-8319-FBDE87EA877B}.Release|Any CPU.ActiveCfg = Release|Any CPU
		{692C2632-4AD9-4982-8319-FBDE87EA877B}.Release|Any CPU.Build.0 = Release|Any CPU
		{692C2632-4AD9-4982-8319-FBDE87EA877B}.Release|x64.ActiveCfg = Release|Any CPU
		{692C2632-4AD9-4982-8319-FBDE87EA877B}.Release|x64.Build.0 = Release|Any CPU
		{692C2632-4AD9-4982-8319-FBDE87EA877B}.Release|x86.ActiveCfg = Release|Any CPU
		{692C2632-4AD9-4982-8319-FBDE87EA877B}.Release|x86.Build.0 = Release|Any CPU
		{B88F5652-9A13-411B-B551-3ECA8DC1C4FA}.Debug|Any CPU.ActiveCfg = Debug|Any CPU
		{B88F5652-9A13-411B-B551-3ECA8DC1C4FA}.Debug|Any CPU.Build.0 = Debug|Any CPU
		{B88F5652-9A13-411B-B551-3ECA8DC1C4FA}.Debug|x64.ActiveCfg = Debug|Any CPU
		{B88F5652-9A13-411B-B551-3ECA8DC1C4FA}.Debug|x64.Build.0 = Debug|Any CPU
		{B88F5652-9A13-411B-B551-3ECA8DC1C4FA}.Debug|x86.ActiveCfg = Debug|Any CPU
		{B88F5652-9A13-411B-B551-3ECA8DC1C4FA}.Debug|x86.Build.0 = Debug|Any CPU
		{B88F5652-9A13-411B-B551-3ECA8DC1C4FA}.Release|Any CPU.ActiveCfg = Release|Any CPU
		{B88F5652-9A13-411B-B551-3ECA8DC1C4FA}.Release|Any CPU.Build.0 = Release|Any CPU
		{B88F5652-9A13-411B-B551-3ECA8DC1C4FA}.Release|x64.ActiveCfg = Release|Any CPU
		{B88F5652-9A13-411B-B551-3ECA8DC1C4FA}.Release|x64.Build.0 = Release|Any CPU
		{B88F5652-9A13-411B-B551-3ECA8DC1C4FA}.Release|x86.ActiveCfg = Release|Any CPU
		{B88F5652-9A13-411B-B551-3ECA8DC1C4FA}.Release|x86.Build.0 = Release|Any CPU
	EndGlobalSection
	GlobalSection(SolutionProperties) = preSolution
		HideSolutionNode = FALSE
	EndGlobalSection
	GlobalSection(NestedProjects) = preSolution
		{5AA5C31D-EBDF-4815-BDA5-49F5849C70F0} = {E9B464E1-C8B7-4FA8-AF7B-8B633B2FF39E}
		{F88BC925-819D-4AB1-8282-A50ECB4CF018} = {E9B464E1-C8B7-4FA8-AF7B-8B633B2FF39E}
		{FA6C38F4-6B2B-473E-B7FA-FD2E29F917D0} = {E9B464E1-C8B7-4FA8-AF7B-8B633B2FF39E}
		{260A9777-6ABC-4B97-AEF6-6B949C9B3425} = {F8C89F75-EEB0-45AF-ADE5-A858F1FD7450}
		{93B9D65E-AE89-4BD8-97FD-1B90ABCCD643} = {F8C89F75-EEB0-45AF-ADE5-A858F1FD7450}
		{357551E2-F36E-48DC-94AF-CC2EE22AE9B6} = {A06CB403-0937-4F9B-A1CA-ECFF5B9F824B}
		{E89802E3-140E-4E66-AED9-3867F92E6B8B} = {FA010072-2251-4256-A9A0-1ED377B0B3FA}
		{E8E00C5A-A868-470A-9B93-F3D7CB66ED91} = {E9B464E1-C8B7-4FA8-AF7B-8B633B2FF39E}
		{B437D89D-EBD6-4740-96A8-2A51D6FD16C8} = {E9B464E1-C8B7-4FA8-AF7B-8B633B2FF39E}
		{A8166C0A-4035-47F5-9A88-B6C1760D2392} = {E9B464E1-C8B7-4FA8-AF7B-8B633B2FF39E}
		{8C0DD3FD-2393-4806-A2C7-018B2B6AB1FD} = {E9B464E1-C8B7-4FA8-AF7B-8B633B2FF39E}
		{387E6F5F-936E-4E3A-A58E-AED3F3F2A88B} = {E9B464E1-C8B7-4FA8-AF7B-8B633B2FF39E}
		{B393D518-5E78-424A-827E-46E7AE0D32ED} = {E9B464E1-C8B7-4FA8-AF7B-8B633B2FF39E}
		{4DA35A6D-C762-433E-9BD6-6E6D1ED0D4A6} = {FA010072-2251-4256-A9A0-1ED377B0B3FA}
		{47C15203-EB28-44A7-A236-0AA6427FDE2A} = {E9B464E1-C8B7-4FA8-AF7B-8B633B2FF39E}
		{11CD7840-2013-4DE6-B1CF-2B598935606B} = {FA010072-2251-4256-A9A0-1ED377B0B3FA}
		{AFFDF952-2829-458F-B7F6-B8630D2FF6EA} = {E9B464E1-C8B7-4FA8-AF7B-8B633B2FF39E}
		{692C2632-4AD9-4982-8319-FBDE87EA877B} = {FA010072-2251-4256-A9A0-1ED377B0B3FA}
		{B88F5652-9A13-411B-B551-3ECA8DC1C4FA} = {E9B464E1-C8B7-4FA8-AF7B-8B633B2FF39E}
	EndGlobalSection
EndGlobal
