
Microsoft Visual Studio Solution File, Format Version 12.00
# Visual Studio Version 17
VisualStudioVersion = 17.0.31903.59
MinimumVisualStudioVersion = 10.0.40219.1
Project("{2150E333-8FDC-42A3-9474-1A3956D46DE8}") = "src", "src", "{E9B464E1-C8B7-4FA8-AF7B-8B633B2FF39E}"
EndProject
Project("{FAE04EC0-301F-11D3-BF4B-00C04F79EFBC}") = "BettererNet.Core", "src\BettererNet.Core\BettererNet.Core.csproj", "{5AA5C31D-EBDF-4815-BDA5-49F5849C70F0}"
EndProject
Project("{FAE04EC0-301F-11D3-BF4B-00C04F79EFBC}") = "BettererNet.Xunit", "src\BettererNet.Xunit\BettererNet.Xunit.csproj", "{F88BC925-819D-4AB1-8282-A50ECB4CF018}"
EndProject
Project("{FAE04EC0-301F-11D3-BF4B-00C04F79EFBC}") = "BettererNet.Cli", "src\BettererNet.Cli\BettererNet.Cli.csproj", "{FA6C38F4-6B2B-473E-B7FA-FD2E29F917D0}"
EndProject
Project("{2150E333-8FDC-42A3-9474-1A3956D46DE8}") = "samples", "samples", "{F8C89F75-EEB0-45AF-ADE5-A858F1FD7450}"
EndProject
Project("{FAE04EC0-301F-11D3-BF4B-00C04F79EFBC}") = "SampleProject", "samples\SampleProject\SampleProject.csproj", "{260A9777-6ABC-4B97-AEF6-6B949C9B3425}"
EndProject
Project("{FAE04EC0-301F-11D3-BF4B-00C04F79EFBC}") = "SampleTest", "samples\SampleTest\SampleTest.csproj", "{93B9D65E-AE89-4BD8-97FD-1B90ABCCD643}"
EndProject
Project("{2150E333-8FDC-42A3-9474-1A3956D46DE8}") = "tools", "tools", "{A06CB403-0937-4F9B-A1CA-ECFF5B9F824B}"
EndProject
Project("{FAE04EC0-301F-11D3-BF4B-00C04F79EFBC}") = "InspectCodeSnapshot", "tools\InspectCodeSnapshot\InspectCodeSnapshot.csproj", "{357551E2-F36E-48DC-94AF-CC2EE22AE9B6}"
EndProject
Project("{2150E333-8FDC-42A3-9474-1A3956D46DE8}") = "tests", "tests", "{FA010072-2251-4256-A9A0-1ED377B0B3FA}"
EndProject
Project("{FAE04EC0-301F-11D3-BF4B-00C04F79EFBC}") = "BettererNet.Tests", "tests\BettererNet.Tests\BettererNet.Tests.csproj", "{E89802E3-140E-4E66-AED9-3867F92E6B8B}"
EndProject
Global
	GlobalSection(SolutionConfigurationPlatforms) = preSolution
		Debug|Any CPU = Debug|Any CPU
		Release|Any CPU = Release|Any CPU
	EndGlobalSection
	GlobalSection(SolutionProperties) = preSolution
		HideSolutionNode = FALSE
	EndGlobalSection
	GlobalSection(ProjectConfigurationPlatforms) = postSolution
		{5AA5C31D-EBDF-4815-BDA5-49F5849C70F0}.Debug|Any CPU.ActiveCfg = Debug|Any CPU
		{5AA5C31D-EBDF-4815-BDA5-49F5849C70F0}.Debug|Any CPU.Build.0 = Debug|Any CPU
		{5AA5C31D-EBDF-4815-BDA5-49F5849C70F0}.Release|Any CPU.ActiveCfg = Release|Any CPU
		{5AA5C31D-EBDF-4815-BDA5-49F5849C70F0}.Release|Any CPU.Build.0 = Release|Any CPU
		{F88BC925-819D-4AB1-8282-A50ECB4CF018}.Debug|Any CPU.ActiveCfg = Debug|Any CPU
		{F88BC925-819D-4AB1-8282-A50ECB4CF018}.Debug|Any CPU.Build.0 = Debug|Any CPU
		{F88BC925-819D-4AB1-8282-A50ECB4CF018}.Release|Any CPU.ActiveCfg = Release|Any CPU
		{F88BC925-819D-4AB1-8282-A50ECB4CF018}.Release|Any CPU.Build.0 = Release|Any CPU
		{FA6C38F4-6B2B-473E-B7FA-FD2E29F917D0}.Debug|Any CPU.ActiveCfg = Debug|Any CPU
		{FA6C38F4-6B2B-473E-B7FA-FD2E29F917D0}.Debug|Any CPU.Build.0 = Debug|Any CPU
		{FA6C38F4-6B2B-473E-B7FA-FD2E29F917D0}.Release|Any CPU.ActiveCfg = Release|Any CPU
		{FA6C38F4-6B2B-473E-B7FA-FD2E29F917D0}.Release|Any CPU.Build.0 = Release|Any CPU
		{260A9777-6ABC-4B97-AEF6-6B949C9B3425}.Debug|Any CPU.ActiveCfg = Debug|Any CPU
		{260A9777-6ABC-4B97-AEF6-6B949C9B3425}.Debug|Any CPU.Build.0 = Debug|Any CPU
		{260A9777-6ABC-4B97-AEF6-6B949C9B3425}.Release|Any CPU.ActiveCfg = Release|Any CPU
		{260A9777-6ABC-4B97-AEF6-6B949C9B3425}.Release|Any CPU.Build.0 = Release|Any CPU
		{93B9D65E-AE89-4BD8-97FD-1B90ABCCD643}.Debug|Any CPU.ActiveCfg = Debug|Any CPU
		{93B9D65E-AE89-4BD8-97FD-1B90ABCCD643}.Debug|Any CPU.Build.0 = Debug|Any CPU
		{93B9D65E-AE89-4BD8-97FD-1B90ABCCD643}.Release|Any CPU.ActiveCfg = Release|Any CPU
		{93B9D65E-AE89-4BD8-97FD-1B90ABCCD643}.Release|Any CPU.Build.0 = Release|Any CPU
		{357551E2-F36E-48DC-94AF-CC2EE22AE9B6}.Debug|Any CPU.ActiveCfg = Debug|Any CPU
		{357551E2-F36E-48DC-94AF-CC2EE22AE9B6}.Debug|Any CPU.Build.0 = Debug|Any CPU
		{357551E2-F36E-48DC-94AF-CC2EE22AE9B6}.Release|Any CPU.ActiveCfg = Release|Any CPU
		{357551E2-F36E-48DC-94AF-CC2EE22AE9B6}.Release|Any CPU.Build.0 = Release|Any CPU
		{E89802E3-140E-4E66-AED9-3867F92E6B8B}.Debug|Any CPU.ActiveCfg = Debug|Any CPU
		{E89802E3-140E-4E66-AED9-3867F92E6B8B}.Debug|Any CPU.Build.0 = Debug|Any CPU
		{E89802E3-140E-4E66-AED9-3867F92E6B8B}.Release|Any CPU.ActiveCfg = Release|Any CPU
		{E89802E3-140E-4E66-AED9-3867F92E6B8B}.Release|Any CPU.Build.0 = Release|Any CPU
	EndGlobalSection
	GlobalSection(NestedProjects) = preSolution
		{5AA5C31D-EBDF-4815-BDA5-49F5849C70F0} = {E9B464E1-C8B7-4FA8-AF7B-8B633B2FF39E}
		{F88BC925-819D-4AB1-8282-A50ECB4CF018} = {E9B464E1-C8B7-4FA8-AF7B-8B633B2FF39E}
		{FA6C38F4-6B2B-473E-B7FA-FD2E29F917D0} = {E9B464E1-C8B7-4FA8-AF7B-8B633B2FF39E}
		{260A9777-6ABC-4B97-AEF6-6B949C9B3425} = {F8C89F75-EEB0-45AF-ADE5-A858F1FD7450}
		{93B9D65E-AE89-4BD8-97FD-1B90ABCCD643} = {F8C89F75-EEB0-45AF-ADE5-A858F1FD7450}
		{357551E2-F36E-48DC-94AF-CC2EE22AE9B6} = {A06CB403-0937-4F9B-A1CA-ECFF5B9F824B}
		{E89802E3-140E-4E66-AED9-3867F92E6B8B} = {FA010072-2251-4256-A9A0-1ED377B0B3FA}
	EndGlobalSection
EndGlobal
